<?xml version="1.0" encoding="utf-8"?>
<Project ToolsVersion="4.0" xmlns="http://schemas.microsoft.com/developer/msbuild/2003">
  <ItemGroup>
    <Filter Include="VisualGDB settings">
      <UniqueIdentifier>{b399a7be-fdda-40b1-9788-faea24c0f9a2}</UniqueIdentifier>
    </Filter>
    <Filter Include="Source">
      <UniqueIdentifier>{58720d8b-240a-4043-8cd5-ab7594a3a7f0}</UniqueIdentifier>
      <Extensions>cpp;c;cc;cxx;def;odl;idl;hpj;bat;asm;asmx</Extensions>
    </Filter>
    <Filter Include="Source\Device-specific files">
      <UniqueIdentifier>{396f839c-cdb4-41bd-a535-7bd710f2a06d}</UniqueIdentifier>
    </Filter>
    <Filter Include="Include">
      <UniqueIdentifier>{2cc183c1-b494-4ddc-bd28-00273e054f9a}</UniqueIdentifier>
      <Extensions>h;hpp;hxx;hm;inl;inc;xsd</Extensions>
    </Filter>
    <Filter Include="Include\DaisySeedFramework">
      <UniqueIdentifier>{78cf64dd-5f8a-4a1f-b75f-be1ca6926aac}</UniqueIdentifier>
    </Filter>
    <Filter Include="Include\DaisySeedFramework\USB">
      <UniqueIdentifier>{c65750fc-06e0-4376-9940-4ff711c63b5a}</UniqueIdentifier>
    </Filter>
    <Filter Include="Source\USB">
      <UniqueIdentifier>{8d1f8555-966c-4486-bfde-5483d347f955}</UniqueIdentifier>
    </Filter>
  </ItemGroup>
  <ItemGroup>
    <None Include="stm32.props">
      <Filter>Source\Device-specific files</Filter>
    </None>
    <None Include="DaisySeedFramework-Debug.vgdbsettings">
      <Filter>VisualGDB settings</Filter>
    </None>
    <None Include="DaisySeedFramework-Release.vgdbsettings">
      <Filter>VisualGDB settings</Filter>
    </None>
    <None Include="stm32.xml">
      <Filter>VisualGDB settings</Filter>
    </None>
  </ItemGroup>
  <ItemGroup>
    <ClCompile Include="Source\DaisySeedHAL.cpp">
      <Filter>Source</Filter>
    </ClCompile>
    <ClCompile Include="Source\ILI9341_HAL.cpp">
      <Filter>Source</Filter>
    </ClCompile>
    <ClCompile Include="Source\DaisyUSBAudioInterface.cpp">
      <Filter>Source</Filter>
    </ClCompile>
    <ClCompile Include="Source\DaisyUSBInterface.cpp">
      <Filter>Source</Filter>
    </ClCompile>
    <ClCompile Include="Source\SDL_HAL.cpp">
      <Filter>Source</Filter>
    </ClCompile>
    <ClCompile Include="Source\WindowsHAL.cpp">
      <Filter>Source</Filter>
    </ClCompile>
    <ClCompile Include="Source\WindowsUSBInterface.cpp">
      <Filter>Source</Filter>
    </ClCompile>
    <ClCompile Include="Source\LCDCanvas.cpp">
      <Filter>Source</Filter>
    </ClCompile>
    <ClCompile Include="Source\USB\DaisyUSBDevice.cpp">
      <Filter>Source\USB</Filter>
    </ClCompile>
    <ClCompile Include="Source\USB\DaisyUSBCDCInterface.cpp">
      <Filter>Source\USB</Filter>
    </ClCompile>
    <ClCompile Include="Source\USB\DaisyUSBAMCInterface.cpp">
      <Filter>Source\USB</Filter>
    </ClCompile>
    <ClCompile Include="Source\USB\DaisyUSBInterfaceCommon.cpp">
      <Filter>Source\USB</Filter>
    </ClCompile>
    <ClCompile Include="Source\USB\DaisyUSB.cpp">
      <Filter>Source\USB</Filter>
    </ClCompile>
    <ClCompile Include="Source\USB\DaisyUSBHost.cpp">
      <Filter>Source\USB</Filter>
    </ClCompile>
  </ItemGroup>
  <ItemGroup>
    <ClInclude Include="Include\DaisySeedFramework\Common.h">
      <Filter>Include\DaisySeedFramework</Filter>
    </ClInclude>
    <ClInclude Include="Include\DaisySeedFramework\DaisyPersistentBlob.h">
      <Filter>Include\DaisySeedFramework</Filter>
    </ClInclude>
    <ClInclude Include="Include\DaisySeedFramework\DaisySeedHAL.h">
      <Filter>Include\DaisySeedFramework</Filter>
    </ClInclude>
    <ClInclude Include="Include\DaisySeedFramework\DaisyUSBAudioInterface.h">
      <Filter>Include\DaisySeedFramework</Filter>
    </ClInclude>
    <ClInclude Include="Include\DaisySeedFramework\DaisyUSBInterface.h">
      <Filter>Include\DaisySeedFramework</Filter>
    </ClInclude>
    <ClInclude Include="Include\DaisySeedFramework\ILI9341_HAL.h">
      <Filter>Include\DaisySeedFramework</Filter>
    </ClInclude>
    <ClInclude Include="Include\DaisySeedFramework\I_LCD_HAL.h">
      <Filter>Include\DaisySeedFramework</Filter>
    </ClInclude>
    <ClInclude Include="Include\DaisySeedFramework\LCDCanvas.h">
      <Filter>Include\DaisySeedFramework</Filter>
    </ClInclude>
    <ClInclude Include="Include\DaisySeedFramework\PersistentBlobCommon.h">
      <Filter>Include\DaisySeedFramework</Filter>
    </ClInclude>
    <ClInclude Include="Include\DaisySeedFramework\SDL_HAL.h">
      <Filter>Include\DaisySeedFramework</Filter>
    </ClInclude>
    <ClInclude Include="Include\DaisySeedFramework\StaticStack.h">
      <Filter>Include\DaisySeedFramework</Filter>
    </ClInclude>
    <ClInclude Include="Include\DaisySeedFramework\StaticVector.h">
      <Filter>Include\DaisySeedFramework</Filter>
    </ClInclude>
    <ClInclude Include="Include\DaisySeedFramework\USBHost.h">
      <Filter>Include\DaisySeedFramework</Filter>
    </ClInclude>
    <ClInclude Include="Include\DaisySeedFramework\WindowsHAL.h">
      <Filter>Include\DaisySeedFramework</Filter>
    </ClInclude>
    <ClInclude Include="Include\DaisySeedFramework\WindowsPersistentBlob.h">
      <Filter>Include\DaisySeedFramework</Filter>
    </ClInclude>
    <ClInclude Include="Include\DaisySeedFramework\WindowsUSBInterface.h">
      <Filter>Include\DaisySeedFramework</Filter>
    </ClInclude>
    <ClInclude Include="Include\DaisySeedFramework\Point.h">
      <Filter>Include\DaisySeedFramework</Filter>
    </ClInclude>
    <ClInclude Include="Include\DaisySeedFramework\Rect.h">
      <Filter>Include\DaisySeedFramework</Filter>
    </ClInclude>
    <ClInclude Include="Include\DaisySeedFramework\Font.h">
      <Filter>Include\DaisySeedFramework</Filter>
    </ClInclude>
    <ClInclude Include="Include\DaisySeedFramework\Bitmap.h">
      <Filter>Include\DaisySeedFramework</Filter>
    </ClInclude>
    <ClInclude Include="Include\DaisySeedFramework\DaisyInclude.h">
      <Filter>Include\DaisySeedFramework</Filter>
    </ClInclude>
    <ClInclude Include="Include\DaisySeedFramework\USB\DaisyUSBDevice.h">
      <Filter>Include\DaisySeedFramework\USB</Filter>
    </ClInclude>
    <ClInclude Include="Include\DaisySeedFramework\USB\USBDefinitions.h">
      <Filter>Include\DaisySeedFramework\USB</Filter>
    </ClInclude>
    <ClInclude Include="Include\DaisySeedFramework\USB\DaisyUSBCDCInterface.h">
      <Filter>Include\DaisySeedFramework\USB</Filter>
    </ClInclude>
    <ClInclude Include="Include\DaisySeedFramework\USB\DaisyUSBAMCInterface.h">
      <Filter>Include\DaisySeedFramework\USB</Filter>
    </ClInclude>
    <ClInclude Include="Include\DaisySeedFramework\USB\USBCDCDefinitions.h">
      <Filter>Include\DaisySeedFramework\USB</Filter>
    </ClInclude>
    <ClInclude Include="Include\DaisySeedFramework\USB\DaisyUSBInterfaceCommon.h">
      <Filter>Include\DaisySeedFramework\USB</Filter>
    </ClInclude>
    <ClInclude Include="Include\DaisySeedFramework\USB\USBAMCDefinitions.h">
      <Filter>Include\DaisySeedFramework\USB</Filter>
    </ClInclude>
    <ClInclude Include="Include\DaisySeedFramework\StaticRingBuffer.h">
      <Filter>Include\DaisySeedFramework</Filter>
    </ClInclude>
    <ClInclude Include="Include\DaisySeedFramework\USB\DaisyUSB.h">
      <Filter>Include\DaisySeedFramework\USB</Filter>
    </ClInclude>
    <ClInclude Include="Include\DaisySeedFramework\USB\DaisyUSBHost.h">
      <Filter>Include\DaisySeedFramework\USB</Filter>
    </ClInclude>
  </ItemGroup>
</Project>